
Microsoft Visual Studio Solution File, Format Version 12.00
# Visual Studio Version 17
VisualStudioVersion = 17.6.33829.357
MinimumVisualStudioVersion = 10.0.40219.1
Project("{FAE04EC0-301F-11D3-BF4B-00C04F79EFBC}") = "TestAdapter", "TestAdapter\TestAdapter.csproj", "{CA96179B-7863-46B7-889D-B6AE2D1EEFAF}"
EndProject
Global
	GlobalSection(SolutionConfigurationPlatforms) = preSolution
		Debug|Any CPU = Debug|Any CPU
		Release|Any CPU = Release|Any CPU
	EndGlobalSection
	GlobalSection(ProjectConfigurationPlatforms) = postSolution
		{CA96179B-7863-46B7-889D-B6AE2D1EEFAF}.Debug|Any CPU.ActiveCfg = Debug|Any CPU
		{CA96179B-7863-46B7-889D-B6AE2D1EEFAF}.Debug|Any CPU.Build.0 = Debug|Any CPU
		{CA96179B-7863-46B7-889D-B6AE2D1EEFAF}.Release|Any CPU.ActiveCfg = Release|Any CPU
		{CA96179B-7863-46B7-889D-B6AE2D1EEFAF}.Release|Any CPU.Build.0 = Release|Any CPU
	EndGlobalSection
	GlobalSection(SolutionProperties) = preSolution
		HideSolutionNode = FALSE
	EndGlobalSection
	GlobalSection(ExtensibilityGlobals) = postSolution
		SolutionGuid = {1993A64B-5249-4FB0-8B4D-0EB1C5852F3E}
	EndGlobalSection
EndGlobal
